<Solution>
  <Folder Name="/src/">
    <Project Path="src/Trainer.Core/Trainer.Core.csproj" />
    <Project Path="src/Trainer.Infrastructure/Trainer.Infrastructure.csproj" />
    <Project Path="src/Trainer.App/Trainer.App.csproj" />
    <Project Path="src/Trainer.Contracts/Trainer.Contracts.csproj" />
    <Project Path="src/Trainer.Api/Trainer.Api.csproj" />
  </Folder>
  <Folder Name="/tests/">
    <Project Path="tests/Trainer.Api.Tests/Trainer.Api.Tests.csproj" />
  </Folder>
</Solution>
